// !$*UTF8*$!
{
	archiveVersion = 1;
	classes = {
	};
	objectVersion = 56;
	objects = {

/* Begin PBXBuildFile section */
		1000000000000001 /* AlwaysOnApp.swift in Sources */ = {isa = PBXBuildFile; fileRef = 2000000000000001 /* AlwaysOnApp.swift */; };
		1000000000000002 /* AppState.swift in Sources */ = {isa = PBXBuildFile; fileRef = 2000000000000002 /* AppState.swift */; };
		1000000000000003 /* ActivitySimulator.swift in Sources */ = {isa = PBXBuildFile; fileRef = 2000000000000003 /* ActivitySimulator.swift */; };
		1000000000000005 /* MenuBarView.swift in Sources */ = {isa = PBXBuildFile; fileRef = 2000000000000005 /* MenuBarView.swift */; };
		1000000000000006 /* Assets.xcassets in Resources */ = {isa = PBXBuildFile; fileRef = 2000000000000006 /* Assets.xcassets */; };
		1000000000000007 /* UpdateChecker.swift in Sources */ = {isa = PBXBuildFile; fileRef = 2000000000000009 /* UpdateChecker.swift */; };
		1000000000000008 /* LaunchAtLoginManager.swift in Sources */ = {isa = PBXBuildFile; fileRef = 200000000000000A /* LaunchAtLoginManager.swift */; };
		100000000000000A /* Sparkle in Frameworks */ = {isa = PBXBuildFile; productRef = A000000000000001 /* Sparkle */; };
		100000000000000B /* SparkleUpdaterManager.swift in Sources */ = {isa = PBXBuildFile; fileRef = 200000000000000C /* SparkleUpdaterManager.swift */; };
		100000000000000C /* AccessibilityPermission.swift in Sources */ = {isa = PBXBuildFile; fileRef = 200000000000000D /* AccessibilityPermission.swift */; };
		100000000000000D /* PermissionsView.swift in Sources */ = {isa = PBXBuildFile; fileRef = 200000000000000E /* PermissionsView.swift */; };
		100000000000000E /* PermissionsWindowController.swift in Sources */ = {isa = PBXBuildFile; fileRef = 200000000000000F /* PermissionsWindowController.swift */; };
		100000000000000F /* SettingsNavigationItem.swift in Sources */ = {isa = PBXBuildFile; fileRef = 2000000000000010 /* SettingsNavigationItem.swift */; };
		1000000000000010 /* SettingsView.swift in Sources */ = {isa = PBXBuildFile; fileRef = 2000000000000011 /* SettingsView.swift */; };
		1000000000000011 /* GeneralSettingsPane.swift in Sources */ = {isa = PBXBuildFile; fileRef = 2000000000000012 /* GeneralSettingsPane.swift */; };
		1000000000000012 /* UpdatesSettingsPane.swift in Sources */ = {isa = PBXBuildFile; fileRef = 2000000000000013 /* UpdatesSettingsPane.swift */; };
		1000000000000013 /* AboutSettingsPane.swift in Sources */ = {isa = PBXBuildFile; fileRef = 2000000000000014 /* AboutSettingsPane.swift */; };
		1000000000000014 /* SettingsWindowController.swift in Sources */ = {isa = PBXBuildFile; fileRef = 2000000000000015 /* SettingsWindowController.swift */; };
		1000000000000015 /* ActivityMethod.swift in Sources */ = {isa = PBXBuildFile; fileRef = 2000000000000016 /* ActivityMethod.swift */; };
		1000000000000016 /* QuickTimerDuration.swift in Sources */ = {isa = PBXBuildFile; fileRef = 2000000000000017 /* QuickTimerDuration.swift */; };
		1000000000000017 /* WorkSchedule.swift in Sources */ = {isa = PBXBuildFile; fileRef = 2000000000000018 /* WorkSchedule.swift */; };
		1000000000000018 /* WorkScheduleManager.swift in Sources */ = {isa = PBXBuildFile; fileRef = 2000000000000019 /* WorkScheduleManager.swift */; };
		100000000000001C /* SmartFeaturesSettingsPane.swift in Sources */ = {isa = PBXBuildFile; fileRef = 200000000000001D /* SmartFeaturesSettingsPane.swift */; };
		100000000000001D /* NotificationManager.swift in Sources */ = {isa = PBXBuildFile; fileRef = 200000000000001E /* NotificationManager.swift */; };
		100000000000001E /* Profile.swift in Sources */ = {isa = PBXBuildFile; fileRef = 200000000000001F /* Profile.swift */; };
		100000000000001F /* ProfileManager.swift in Sources */ = {isa = PBXBuildFile; fileRef = 2000000000000020 /* ProfileManager.swift */; };
		1000000000000020 /* ProfilesSettingsPane.swift in Sources */ = {isa = PBXBuildFile; fileRef = 2000000000000021 /* ProfilesSettingsPane.swift */; };
		1000000000000022 /* UpdateWindowNotifications.swift in Sources */ = {isa = PBXBuildFile; fileRef = 2000000000000023 /* UpdateWindowNotifications.swift */; };
/* End PBXBuildFile section */

/* Begin PBXFileReference section */
		2000000000000001 /* AlwaysOnApp.swift */ = {isa = PBXFileReference; lastKnownFileType = sourcecode.swift; path = AlwaysOnApp.swift; sourceTree = "<group>"; };
		2000000000000002 /* AppState.swift */ = {isa = PBXFileReference; lastKnownFileType = sourcecode.swift; path = AppState.swift; sourceTree = "<group>"; };
		2000000000000003 /* ActivitySimulator.swift */ = {isa = PBXFileReference; lastKnownFileType = sourcecode.swift; path = ActivitySimulator.swift; sourceTree = "<group>"; };
		2000000000000005 /* MenuBarView.swift */ = {isa = PBXFileReference; lastKnownFileType = sourcecode.swift; path = MenuBarView.swift; sourceTree = "<group>"; };
		2000000000000006 /* Assets.xcassets */ = {isa = PBXFileReference; lastKnownFileType = folder.assetcatalog; path = Assets.xcassets; sourceTree = "<group>"; };
		2000000000000007 /* Info.plist */ = {isa = PBXFileReference; lastKnownFileType = text.plist.xml; path = Info.plist; sourceTree = "<group>"; };
		2000000000000008 /* AlwaysOn.entitlements */ = {isa = PBXFileReference; lastKnownFileType = text.plist.entitlements; path = AlwaysOn.entitlements; sourceTree = "<group>"; };
		2000000000000009 /* UpdateChecker.swift */ = {isa = PBXFileReference; lastKnownFileType = sourcecode.swift; path = UpdateChecker.swift; sourceTree = "<group>"; };
		200000000000000A /* LaunchAtLoginManager.swift */ = {isa = PBXFileReference; lastKnownFileType = sourcecode.swift; path = LaunchAtLoginManager.swift; sourceTree = "<group>"; };
		200000000000000C /* SparkleUpdaterManager.swift */ = {isa = PBXFileReference; lastKnownFileType = sourcecode.swift; path = SparkleUpdaterManager.swift; sourceTree = "<group>"; };
		200000000000000D /* AccessibilityPermission.swift */ = {isa = PBXFileReference; lastKnownFileType = sourcecode.swift; path = AccessibilityPermission.swift; sourceTree = "<group>"; };
		200000000000000E /* PermissionsView.swift */ = {isa = PBXFileReference; lastKnownFileType = sourcecode.swift; path = PermissionsView.swift; sourceTree = "<group>"; };
		200000000000000F /* PermissionsWindowController.swift */ = {isa = PBXFileReference; lastKnownFileType = sourcecode.swift; path = PermissionsWindowController.swift; sourceTree = "<group>"; };
		2000000000000010 /* SettingsNavigationItem.swift */ = {isa = PBXFileReference; lastKnownFileType = sourcecode.swift; path = SettingsNavigationItem.swift; sourceTree = "<group>"; };
		2000000000000011 /* SettingsView.swift */ = {isa = PBXFileReference; lastKnownFileType = sourcecode.swift; path = SettingsView.swift; sourceTree = "<group>"; };
		2000000000000012 /* GeneralSettingsPane.swift */ = {isa = PBXFileReference; lastKnownFileType = sourcecode.swift; path = GeneralSettingsPane.swift; sourceTree = "<group>"; };
		2000000000000013 /* UpdatesSettingsPane.swift */ = {isa = PBXFileReference; lastKnownFileType = sourcecode.swift; path = UpdatesSettingsPane.swift; sourceTree = "<group>"; };
		2000000000000014 /* AboutSettingsPane.swift */ = {isa = PBXFileReference; lastKnownFileType = sourcecode.swift; path = AboutSettingsPane.swift; sourceTree = "<group>"; };
		2000000000000015 /* SettingsWindowController.swift */ = {isa = PBXFileReference; lastKnownFileType = sourcecode.swift; path = SettingsWindowController.swift; sourceTree = "<group>"; };
		2000000000000016 /* ActivityMethod.swift */ = {isa = PBXFileReference; lastKnownFileType = sourcecode.swift; path = ActivityMethod.swift; sourceTree = "<group>"; };
		2000000000000017 /* QuickTimerDuration.swift */ = {isa = PBXFileReference; lastKnownFileType = sourcecode.swift; path = QuickTimerDuration.swift; sourceTree = "<group>"; };
		2000000000000018 /* WorkSchedule.swift */ = {isa = PBXFileReference; lastKnownFileType = sourcecode.swift; path = WorkSchedule.swift; sourceTree = "<group>"; };
		2000000000000019 /* WorkScheduleManager.swift */ = {isa = PBXFileReference; lastKnownFileType = sourcecode.swift; path = WorkScheduleManager.swift; sourceTree = "<group>"; };
		200000000000001D /* SmartFeaturesSettingsPane.swift */ = {isa = PBXFileReference; lastKnownFileType = sourcecode.swift; path = SmartFeaturesSettingsPane.swift; sourceTree = "<group>"; };
		200000000000001E /* NotificationManager.swift */ = {isa = PBXFileReference; lastKnownFileType = sourcecode.swift; path = NotificationManager.swift; sourceTree = "<group>"; };
		200000000000001F /* Profile.swift */ = {isa = PBXFileReference; lastKnownFileType = sourcecode.swift; path = Profile.swift; sourceTree = "<group>"; };
		2000000000000020 /* ProfileManager.swift */ = {isa = PBXFileReference; lastKnownFileType = sourcecode.swift; path = ProfileManager.swift; sourceTree = "<group>"; };
		2000000000000021 /* ProfilesSettingsPane.swift */ = {isa = PBXFileReference; lastKnownFileType = sourcecode.swift; path = ProfilesSettingsPane.swift; sourceTree = "<group>"; };
		2000000000000023 /* UpdateWindowNotifications.swift */ = {isa = PBXFileReference; lastKnownFileType = sourcecode.swift; path = UpdateWindowNotifications.swift; sourceTree = "<group>"; };
		3000000000000001 /* AlwaysOn.app */ = {isa = PBXFileReference; explicitFileType = wrapper.application; includeInIndex = 0; path = AlwaysOn.app; sourceTree = BUILT_PRODUCTS_DIR; };
/* End PBXFileReference section */

/* Begin PBXFrameworksBuildPhase section */
		4000000000000001 /* Frameworks */ = {
			isa = PBXFrameworksBuildPhase;
			buildActionMask = 2147483647;
			files = (
				100000000000000A /* Sparkle in Frameworks */,
			);
			runOnlyForDeploymentPostprocessing = 0;
		};
/* End PBXFrameworksBuildPhase section */

/* Begin PBXGroup section */
		5000000000000001 = {
			isa = PBXGroup;
			children = (
				5000000000000002 /* AlwaysOn */,
				5000000000000009 /* Products */,
			);
			sourceTree = "<group>";
		};
		5000000000000002 /* AlwaysOn */ = {
			isa = PBXGroup;
			children = (
				5000000000000003 /* Sources */,
				5000000000000008 /* Resources */,
				2000000000000007 /* Info.plist */,
				2000000000000008 /* AlwaysOn.entitlements */,
			);
			path = AlwaysOn;
			sourceTree = "<group>";
		};
		5000000000000003 /* Sources */ = {
			isa = PBXGroup;
			children = (
				5000000000000004 /* App */,
				5000000000000005 /* Models */,
				5000000000000006 /* Services */,
				5000000000000007 /* Views */,
			);
			path = Sources;
			sourceTree = "<group>";
		};
		5000000000000004 /* App */ = {
			isa = PBXGroup;
			children = (
				2000000000000001 /* AlwaysOnApp.swift */,
			);
			path = App;
			sourceTree = "<group>";
		};
		5000000000000005 /* Models */ = {
			isa = PBXGroup;
			children = (
				2000000000000016 /* ActivityMethod.swift */,
				2000000000000002 /* AppState.swift */,
				200000000000001F /* Profile.swift */,
				2000000000000017 /* QuickTimerDuration.swift */,
				2000000000000010 /* SettingsNavigationItem.swift */,
				2000000000000023 /* UpdateWindowNotifications.swift */,
				2000000000000018 /* WorkSchedule.swift */,
			);
			path = Models;
			sourceTree = "<group>";
		};
		5000000000000006 /* Services */ = {
			isa = PBXGroup;
			children = (
				200000000000000D /* AccessibilityPermission.swift */,
				2000000000000003 /* ActivitySimulator.swift */,
				200000000000000A /* LaunchAtLoginManager.swift */,
				200000000000001E /* NotificationManager.swift */,
				200000000000000F /* PermissionsWindowController.swift */,
				2000000000000020 /* ProfileManager.swift */,
				2000000000000015 /* SettingsWindowController.swift */,
				200000000000000C /* SparkleUpdaterManager.swift */,
				2000000000000009 /* UpdateChecker.swift */,
				2000000000000019 /* WorkScheduleManager.swift */,
			);
			path = Services;
			sourceTree = "<group>";
		};
		5000000000000007 /* Views */ = {
			isa = PBXGroup;
			children = (
				500000000000000A /* Settings */,
				2000000000000005 /* MenuBarView.swift */,
				200000000000000E /* PermissionsView.swift */,
			);
			path = Views;
			sourceTree = "<group>";
		};
		500000000000000A /* Settings */ = {
			isa = PBXGroup;
			children = (
				2000000000000014 /* AboutSettingsPane.swift */,
				2000000000000012 /* GeneralSettingsPane.swift */,
				2000000000000021 /* ProfilesSettingsPane.swift */,
				2000000000000011 /* SettingsView.swift */,
				200000000000001D /* SmartFeaturesSettingsPane.swift */,
				2000000000000013 /* UpdatesSettingsPane.swift */,
			);
			path = Settings;
			sourceTree = "<group>";
		};
		5000000000000008 /* Resources */ = {
			isa = PBXGroup;
			children = (
				2000000000000006 /* Assets.xcassets */,
			);
			path = Resources;
			sourceTree = "<group>";
		};
		5000000000000009 /* Products */ = {
			isa = PBXGroup;
			children = (
				3000000000000001 /* AlwaysOn.app */,
			);
			name = Products;
			sourceTree = "<group>";
		};
/* End PBXGroup section */

/* Begin PBXNativeTarget section */
		6000000000000001 /* AlwaysOn */ = {
			isa = PBXNativeTarget;
			buildConfigurationList = 7000000000000003 /* Build configuration list for PBXNativeTarget "AlwaysOn" */;
			buildPhases = (
				6000000000000002 /* Sources */,
				4000000000000001 /* Frameworks */,
				6000000000000003 /* Resources */,
			);
			buildRules = (
			);
			dependencies = (
			);
			name = AlwaysOn;
			packageProductDependencies = (
				A000000000000001 /* Sparkle */,
			);
			productName = AlwaysOn;
			productReference = 3000000000000001 /* AlwaysOn.app */;
			productType = "com.apple.product-type.application";
		};
/* End PBXNativeTarget section */

/* Begin PBXProject section */
		8000000000000001 /* Project object */ = {
			isa = PBXProject;
			attributes = {
				BuildIndependentTargetsInParallel = 1;
				LastSwiftUpdateCheck = 1500;
				LastUpgradeCheck = 1500;
				TargetAttributes = {
					6000000000000001 = {
						CreatedOnToolsVersion = 15.0;
					};
				};
			};
			buildConfigurationList = 7000000000000001 /* Build configuration list for PBXProject "AlwaysOn" */;
			compatibilityVersion = "Xcode 14.0";
			developmentRegion = en;
			hasScannedForEncodings = 0;
			knownRegions = (
				en,
				Base,
			);
			mainGroup = 5000000000000001;
			packageReferences = (
				B000000000000001 /* XCRemoteSwiftPackageReference "Sparkle" */,
			);
			productRefGroup = 5000000000000009 /* Products */;
			projectDirPath = "";
			projectRoot = "";
			targets = (
				6000000000000001 /* AlwaysOn */,
			);
		};
/* End PBXProject section */

/* Begin PBXResourcesBuildPhase section */
		6000000000000003 /* Resources */ = {
			isa = PBXResourcesBuildPhase;
			buildActionMask = 2147483647;
			files = (
				1000000000000006 /* Assets.xcassets in Resources */,
			);
			runOnlyForDeploymentPostprocessing = 0;
		};
/* End PBXResourcesBuildPhase section */

/* Begin PBXSourcesBuildPhase section */
		6000000000000002 /* Sources */ = {
			isa = PBXSourcesBuildPhase;
			buildActionMask = 2147483647;
			files = (
				1000000000000001 /* AlwaysOnApp.swift in Sources */,
				1000000000000002 /* AppState.swift in Sources */,
				1000000000000003 /* ActivitySimulator.swift in Sources */,
				1000000000000005 /* MenuBarView.swift in Sources */,
				1000000000000007 /* UpdateChecker.swift in Sources */,
				1000000000000008 /* LaunchAtLoginManager.swift in Sources */,
				100000000000000B /* SparkleUpdaterManager.swift in Sources */,
				100000000000000C /* AccessibilityPermission.swift in Sources */,
				100000000000000D /* PermissionsView.swift in Sources */,
				100000000000000E /* PermissionsWindowController.swift in Sources */,
				100000000000000F /* SettingsNavigationItem.swift in Sources */,
				1000000000000010 /* SettingsView.swift in Sources */,
				1000000000000011 /* GeneralSettingsPane.swift in Sources */,
				1000000000000012 /* UpdatesSettingsPane.swift in Sources */,
				1000000000000013 /* AboutSettingsPane.swift in Sources */,
				1000000000000014 /* SettingsWindowController.swift in Sources */,
				1000000000000015 /* ActivityMethod.swift in Sources */,
				1000000000000016 /* QuickTimerDuration.swift in Sources */,
				1000000000000017 /* WorkSchedule.swift in Sources */,
				1000000000000018 /* WorkScheduleManager.swift in Sources */,
				100000000000001C /* SmartFeaturesSettingsPane.swift in Sources */,
				100000000000001D /* NotificationManager.swift in Sources */,
				100000000000001E /* Profile.swift in Sources */,
				100000000000001F /* ProfileManager.swift in Sources */,
				1000000000000020 /* ProfilesSettingsPane.swift in Sources */,
				1000000000000022 /* UpdateWindowNotifications.swift in Sources */,
			);
			runOnlyForDeploymentPostprocessing = 0;
		};
/* End PBXSourcesBuildPhase section */

/* Begin XCBuildConfiguration section */
		9000000000000001 /* Debug */ = {
			isa = XCBuildConfiguration;
			buildSettings = {
				ALWAYS_SEARCH_USER_PATHS = NO;
				ASSETCATALOG_COMPILER_GENERATE_SWIFT_ASSET_SYMBOL_EXTENSIONS = YES;
				CLANG_ANALYZER_NONNULL = YES;
				CLANG_ANALYZER_NUMBER_OBJECT_CONVERSION = YES_AGGRESSIVE;
				CLANG_CXX_LANGUAGE_STANDARD = "gnu++20";
				CLANG_ENABLE_MODULES = YES;
				CLANG_ENABLE_OBJC_ARC = YES;
				CLANG_ENABLE_OBJC_WEAK = YES;
				CLANG_WARN_BLOCK_CAPTURE_AUTORELEASING = YES;
				CLANG_WARN_BOOL_CONVERSION = YES;
				CLANG_WARN_COMMA = YES;
				CLANG_WARN_CONSTANT_CONVERSION = YES;
				CLANG_WARN_DEPRECATED_OBJC_IMPLEMENTATIONS = YES;
				CLANG_WARN_DIRECT_OBJC_ISA_USAGE = YES_ERROR;
				CLANG_WARN_DOCUMENTATION_COMMENTS = YES;
				CLANG_WARN_EMPTY_BODY = YES;
				CLANG_WARN_ENUM_CONVERSION = YES;
				CLANG_WARN_INFINITE_RECURSION = YES;
				CLANG_WARN_INT_CONVERSION = YES;
				CLANG_WARN_NON_LITERAL_NULL_CONVERSION = YES;
				CLANG_WARN_OBJC_IMPLICIT_RETAIN_SELF = YES;
				CLANG_WARN_OBJC_LITERAL_CONVERSION = YES;
				CLANG_WARN_OBJC_ROOT_CLASS = YES_ERROR;
				CLANG_WARN_QUOTED_INCLUDE_IN_FRAMEWORK_HEADER = YES;
				CLANG_WARN_RANGE_LOOP_ANALYSIS = YES;
				CLANG_WARN_STRICT_PROTOTYPES = YES;
				CLANG_WARN_SUSPICIOUS_MOVE = YES;
				CLANG_WARN_UNGUARDED_AVAILABILITY = YES_AGGRESSIVE;
				CLANG_WARN_UNREACHABLE_CODE = YES;
				CLANG_WARN__DUPLICATE_METHOD_MATCH = YES;
				COPY_PHASE_STRIP = NO;
				DEBUG_INFORMATION_FORMAT = dwarf;
				ENABLE_STRICT_OBJC_MSGSEND = YES;
				ENABLE_TESTABILITY = YES;
				ENABLE_USER_SCRIPT_SANDBOXING = YES;
				GCC_C_LANGUAGE_STANDARD = gnu17;
				GCC_DYNAMIC_NO_PIC = NO;
				GCC_NO_COMMON_BLOCKS = YES;
				GCC_OPTIMIZATION_LEVEL = 0;
				GCC_PREPROCESSOR_DEFINITIONS = (
					"DEBUG=1",
					"$(inherited)",
				);
				GCC_WARN_64_TO_32_BIT_CONVERSION = YES;
				GCC_WARN_ABOUT_RETURN_TYPE = YES_ERROR;
				GCC_WARN_UNDECLARED_SELECTOR = YES;
				GCC_WARN_UNINITIALIZED_AUTOS = YES_AGGRESSIVE;
				GCC_WARN_UNUSED_FUNCTION = YES;
				GCC_WARN_UNUSED_VARIABLE = YES;
				LOCALIZATION_PREFERS_STRING_CATALOGS = YES;
				MACOSX_DEPLOYMENT_TARGET = 13.0;
				MTL_ENABLE_DEBUG_INFO = INCLUDE_SOURCE;
				MTL_FAST_MATH = YES;
				ONLY_ACTIVE_ARCH = YES;
				SDKROOT = macosx;
				SWIFT_ACTIVE_COMPILATION_CONDITIONS = "DEBUG $(inherited)";
				SWIFT_OPTIMIZATION_LEVEL = "-Onone";
			};
			name = Debug;
		};
		9000000000000002 /* Release */ = {
			isa = XCBuildConfiguration;
			buildSettings = {
				ALWAYS_SEARCH_USER_PATHS = NO;
				ASSETCATALOG_COMPILER_GENERATE_SWIFT_ASSET_SYMBOL_EXTENSIONS = YES;
				CLANG_ANALYZER_NONNULL = YES;
				CLANG_ANALYZER_NUMBER_OBJECT_CONVERSION = YES_AGGRESSIVE;
				CLANG_CXX_LANGUAGE_STANDARD = "gnu++20";
				CLANG_ENABLE_MODULES = YES;
				CLANG_ENABLE_OBJC_ARC = YES;
				CLANG_ENABLE_OBJC_WEAK = YES;
				CLANG_WARN_BLOCK_CAPTURE_AUTORELEASING = YES;
				CLANG_WARN_BOOL_CONVERSION = YES;
				CLANG_WARN_COMMA = YES;
				CLANG_WARN_CONSTANT_CONVERSION = YES;
				CLANG_WARN_DEPRECATED_OBJC_IMPLEMENTATIONS = YES;
				CLANG_WARN_DIRECT_OBJC_ISA_USAGE = YES_ERROR;
				CLANG_WARN_DOCUMENTATION_COMMENTS = YES;
				CLANG_WARN_EMPTY_BODY = YES;
				CLANG_WARN_ENUM_CONVERSION = YES;
				CLANG_WARN_INFINITE_RECURSION = YES;
				CLANG_WARN_INT_CONVERSION = YES;
				CLANG_WARN_NON_LITERAL_NULL_CONVERSION = YES;
				CLANG_WARN_OBJC_IMPLICIT_RETAIN_SELF = YES;
				CLANG_WARN_OBJC_LITERAL_CONVERSION = YES;
				CLANG_WARN_OBJC_ROOT_CLASS = YES_ERROR;
				CLANG_WARN_QUOTED_INCLUDE_IN_FRAMEWORK_HEADER = YES;
				CLANG_WARN_RANGE_LOOP_ANALYSIS = YES;
				CLANG_WARN_STRICT_PROTOTYPES = YES;
				CLANG_WARN_SUSPICIOUS_MOVE = YES;
				CLANG_WARN_UNGUARDED_AVAILABILITY = YES_AGGRESSIVE;
				CLANG_WARN_UNREACHABLE_CODE = YES;
				CLANG_WARN__DUPLICATE_METHOD_MATCH = YES;
				COPY_PHASE_STRIP = NO;
				DEBUG_INFORMATION_FORMAT = "dwarf-with-dsym";
				ENABLE_NS_ASSERTIONS = NO;
				ENABLE_STRICT_OBJC_MSGSEND = YES;
				ENABLE_USER_SCRIPT_SANDBOXING = YES;
				GCC_C_LANGUAGE_STANDARD = gnu17;
				GCC_NO_COMMON_BLOCKS = YES;
				GCC_WARN_64_TO_32_BIT_CONVERSION = YES;
				GCC_WARN_ABOUT_RETURN_TYPE = YES_ERROR;
				GCC_WARN_UNDECLARED_SELECTOR = YES;
				GCC_WARN_UNINITIALIZED_AUTOS = YES_AGGRESSIVE;
				GCC_WARN_UNUSED_FUNCTION = YES;
				GCC_WARN_UNUSED_VARIABLE = YES;
				LOCALIZATION_PREFERS_STRING_CATALOGS = YES;
				MACOSX_DEPLOYMENT_TARGET = 13.0;
				MTL_ENABLE_DEBUG_INFO = NO;
				MTL_FAST_MATH = YES;
				SDKROOT = macosx;
				SWIFT_COMPILATION_MODE = wholemodule;
			};
			name = Release;
		};
		9000000000000003 /* Debug */ = {
			isa = XCBuildConfiguration;
			buildSettings = {
				ALWAYSON_UPDATE_MODE = manual;
				ASSETCATALOG_COMPILER_APPICON_NAME = AppIcon;
				ASSETCATALOG_COMPILER_GLOBAL_ACCENT_COLOR_NAME = AccentColor;
				CODE_SIGN_ENTITLEMENTS = AlwaysOn/AlwaysOn.entitlements;
				CODE_SIGN_STYLE = Automatic;
				COMBINE_HIDPI_IMAGES = YES;
				CURRENT_PROJECT_VERSION = 22;
				DEVELOPMENT_TEAM = "";
				ENABLE_HARDENED_RUNTIME = YES;
				GENERATE_INFOPLIST_FILE = NO;
				INFOPLIST_FILE = AlwaysOn/Info.plist;
				INFOPLIST_KEY_LSApplicationCategoryType = "public.app-category.utilities";
				INFOPLIST_KEY_NSHumanReadableCopyright = "";
				LD_RUNPATH_SEARCH_PATHS = (
					"$(inherited)",
					"@executable_path/../Frameworks",
				);
				MARKETING_VERSION = 1.6.0;
				PRODUCT_BUNDLE_IDENTIFIER = com.alwayson.app;
				PRODUCT_NAME = "$(TARGET_NAME)";
				SWIFT_EMIT_LOC_STRINGS = YES;
				SWIFT_VERSION = 5.0;
			};
			name = Debug;
		};
		9000000000000004 /* Release */ = {
			isa = XCBuildConfiguration;
			buildSettings = {
				ALWAYSON_UPDATE_MODE = manual;
				ASSETCATALOG_COMPILER_APPICON_NAME = AppIcon;
				ASSETCATALOG_COMPILER_GLOBAL_ACCENT_COLOR_NAME = AccentColor;
				CODE_SIGN_ENTITLEMENTS = AlwaysOn/AlwaysOn.entitlements;
				CODE_SIGN_STYLE = Automatic;
				COMBINE_HIDPI_IMAGES = YES;
				CURRENT_PROJECT_VERSION = 22;
				DEVELOPMENT_TEAM = "";
				ENABLE_HARDENED_RUNTIME = YES;
				GENERATE_INFOPLIST_FILE = NO;
				INFOPLIST_FILE = AlwaysOn/Info.plist;
				INFOPLIST_KEY_LSApplicationCategoryType = "public.app-category.utilities";
				INFOPLIST_KEY_NSHumanReadableCopyright = "";
				LD_RUNPATH_SEARCH_PATHS = (
					"$(inherited)",
					"@executable_path/../Frameworks",
				);
				MARKETING_VERSION = 1.6.0;
				PRODUCT_BUNDLE_IDENTIFIER = com.alwayson.app;
				PRODUCT_NAME = "$(TARGET_NAME)";
				SWIFT_EMIT_LOC_STRINGS = YES;
				SWIFT_VERSION = 5.0;
			};
			name = Release;
		};
/* End XCBuildConfiguration section */

/* Begin XCConfigurationList section */
		7000000000000001 /* Build configuration list for PBXProject "AlwaysOn" */ = {
			isa = XCConfigurationList;
			buildConfigurations = (
				9000000000000001 /* Debug */,
				9000000000000002 /* Release */,
			);
			defaultConfigurationIsVisible = 0;
			defaultConfigurationName = Release;
		};
		7000000000000003 /* Build configuration list for PBXNativeTarget "AlwaysOn" */ = {
			isa = XCConfigurationList;
			buildConfigurations = (
				9000000000000003 /* Debug */,
				9000000000000004 /* Release */,
			);
			defaultConfigurationIsVisible = 0;
			defaultConfigurationName = Release;
		};
/* End XCConfigurationList section */

/* Begin XCRemoteSwiftPackageReference section */
		B000000000000001 /* XCRemoteSwiftPackageReference "Sparkle" */ = {
			isa = XCRemoteSwiftPackageReference;
			repositoryURL = "https://github.com/sparkle-project/Sparkle";
			requirement = {
				kind = exactVersion;
				version = 2.8.1;
			};
		};
/* End XCRemoteSwiftPackageReference section */

/* Begin XCSwiftPackageProductDependency section */
		A000000000000001 /* Sparkle */ = {
			isa = XCSwiftPackageProductDependency;
			package = B000000000000001 /* XCRemoteSwiftPackageReference "Sparkle" */;
			productName = Sparkle;
		};
/* End XCSwiftPackageProductDependency section */
	};
	rootObject = 8000000000000001 /* Project object */;
}
